{
  "name": "@d7z-project/gitea-pages",
  "version": "0.0.1-rc1",
  "lockfileVersion": 3,
  "requires": true,
  "packages": {
    "": {
      "name": "@d7z-project/gitea-pages",
      "version": "0.0.1-rc1",
      "dependencies": {
        "@dop251/types-goja_nodejs-url": "^0.0.0-20251015174255-5e94316bedaf"
      },
      "devDependencies": {
        "typescript": "next"
      }
    },
    "node_modules/@dop251/types-goja_nodejs-global": {
      "version": "0.0.0-20251015174255-5e94316bedaf",
      "resolved": "https://registry.npmmirror.com/@dop251/types-goja_nodejs-global/-/types-goja_nodejs-global-0.0.0-20251015174255-5e94316bedaf.tgz",
      "integrity": "sha512-K54niz+UY67vH4IYfGJztG049z6RdtZfNGoI6VPC97NtRUR16D/k+iwg6dnbppuj/uBwCowimI+Qj9dWheucpg=="
    },
    "node_modules/@dop251/types-goja_nodejs-url": {
      "version": "0.0.0-20251015174255-5e94316bedaf",
      "resolved": "https://registry.npmmirror.com/@dop251/types-goja_nodejs-url/-/types-goja_nodejs-url-0.0.0-20251015174255-5e94316bedaf.tgz",
      "integrity": "sha512-h9v7QtZydYruGj7vdIe/KSCqeywv8L0XruaH3wzSHb7A0PZtaQxRr4ANpKGoTxqPrLYfqbQaG7IRAbg/ylEBEA==",
      "dependencies": {
        "@dop251/types-goja_nodejs-global": "0.0.0-20251015174255-5e94316bedaf"
      }
    },
    "node_modules/typescript": {
      "version": "6.0.0-dev.20251121",
      "resolved": "https://registry.npmmirror.com/typescript/-/typescript-6.0.0-dev.20251121.tgz",
      "integrity": "sha512-TrGhGS4hOAKgwizhMuH/3pbTNNBMCpxRA7ia8Lrv4HRMOAOzI5lWhP5uoKRDmmaF3pUVe90MBYjSieM498zUqQ==",
      "dev": true,
      "license": "Apache-2.0",
      "bin": {
        "tsc": "bin/tsc",
        "tsserver": "bin/tsserver"
      },
      "engines": {
        "node": ">=14.17"
      }
    }
  }
}
